
Microsoft Visual Studio Solution File, Format Version 12.00
# Visual Studio Version 16
VisualStudioVersion = 16.0.810.7
MinimumVisualStudioVersion = 10.0.40219.1
Project("{FAE04EC0-301F-11D3-BF4B-00C04F79EFBC}") = "HuntingTheManticore", "HuntingTheManticore\HuntingTheManticore.csproj", "{D713317F-2C52-4E1D-8C5C-312376F49EA3}"
EndProject
Global
	GlobalSection(SolutionConfigurationPlatforms) = preSolution
		Debug|Any CPU = Debug|Any CPU
		Release|Any CPU = Release|Any CPU
	EndGlobalSection
	GlobalSection(ProjectConfigurationPlatforms) = postSolution
		{D713317F-2C52-4E1D-8C5C-312376F49EA3}.Debug|Any CPU.ActiveCfg = Debug|Any CPU
		{D713317F-2C52-4E1D-8C5C-312376F49EA3}.Debug|Any CPU.Build.0 = Debug|Any CPU
		{D713317F-2C52-4E1D-8C5C-312376F49EA3}.Release|Any CPU.ActiveCfg = Release|Any CPU
		{D713317F-2C52-4E1D-8C5C-312376F49EA3}.Release|Any CPU.Build.0 = Release|Any CPU
	EndGlobalSection
	GlobalSection(SolutionProperties) = preSolution
		HideSolutionNode = FALSE
	EndGlobalSection
	GlobalSection(ExtensibilityGlobals) = postSolution
		SolutionGuid = {01491BEB-EDAB-4322-A779-9C3C5618E562}
	EndGlobalSection
EndGlobal
